{
  "name": "generater",
  "version": "1.0.0",
  "lockfileVersion": 1,
  "requires": true,
  "dependencies": {
    "@types/node": {
      "version": "11.13.8",
      "resolved": "https://registry.npm.taobao.org/@types/node/download/@types/node-11.13.8.tgz",
      "dev": true
    },
    "@types/puppeteer": {
      "version": "1.12.3",
      "resolved": "https://registry.npmjs.org/@types/puppeteer/-/puppeteer-1.12.3.tgz",
      "integrity": "sha512-mJtUPdXqB8THRwiHPbx8pkGYi+8IPf3dMuwJS9hHpr59BwkuLDkkEJ4qMST0k6TbOUXp+wyMJii30ouSkoEtaw==",
      "dev": true,
      "requires": {
        "@types/node": "*"
      }
    }
  }
}
